
Microsoft Visual Studio Solution File, Format Version 11.00
# Visual Studio 2010
Project("{FAE04EC0-301F-11D3-BF4B-00C04F79EFBC}") = "Assembly-CSharp", "Assembly-CSharp.csproj", "{32ff21eb-2021-d298-c71a-3b78180a64c2}"
EndProject
Global
	GlobalSection(SolutionConfigurationPlatforms) = preSolution
		Debug|Any CPU = Debug|Any CPU
		Release|Any CPU = Release|Any CPU
	EndGlobalSection
	GlobalSection(ProjectConfigurationPlatforms) = postSolution
		{32ff21eb-2021-d298-c71a-3b78180a64c2}.Debug|Any CPU.ActiveCfg = Debug|Any CPU
		{32ff21eb-2021-d298-c71a-3b78180a64c2}.Debug|Any CPU.Build.0 = Debug|Any CPU
		{32ff21eb-2021-d298-c71a-3b78180a64c2}.Release|Any CPU.ActiveCfg = Release|Any CPU
		{32ff21eb-2021-d298-c71a-3b78180a64c2}.Release|Any CPU.Build.0 = Release|Any CPU
	EndGlobalSection
	GlobalSection(SolutionProperties) = preSolution
		HideSolutionNode = FALSE
	EndGlobalSection
EndGlobal
